
Microsoft Visual Studio Solution File, Format Version 12.00
Project("{FAE04EC0-301F-11D3-BF4B-00C04F79EFBC}") = "IT_project", "IT_project\IT_project.csproj", "{DE0AE437-5B35-47D7-B5AD-AB4AF420DB27}"
EndProject
Project("{FAE04EC0-301F-11D3-BF4B-00C04F79EFBC}") = "domain", "domain\domain.csproj", "{9C2E4882-38ED-4070-8B03-E38B3EF90FB3}"
EndProject
Global
	GlobalSection(SolutionConfigurationPlatforms) = preSolution
		Debug|Any CPU = Debug|Any CPU
		Release|Any CPU = Release|Any CPU
	EndGlobalSection
	GlobalSection(ProjectConfigurationPlatforms) = postSolution
		{DE0AE437-5B35-47D7-B5AD-AB4AF420DB27}.Debug|Any CPU.ActiveCfg = Debug|Any CPU
		{DE0AE437-5B35-47D7-B5AD-AB4AF420DB27}.Debug|Any CPU.Build.0 = Debug|Any CPU
		{DE0AE437-5B35-47D7-B5AD-AB4AF420DB27}.Release|Any CPU.ActiveCfg = Release|Any CPU
		{DE0AE437-5B35-47D7-B5AD-AB4AF420DB27}.Release|Any CPU.Build.0 = Release|Any CPU
		{9C2E4882-38ED-4070-8B03-E38B3EF90FB3}.Debug|Any CPU.ActiveCfg = Debug|Any CPU
		{9C2E4882-38ED-4070-8B03-E38B3EF90FB3}.Debug|Any CPU.Build.0 = Debug|Any CPU
		{9C2E4882-38ED-4070-8B03-E38B3EF90FB3}.Release|Any CPU.ActiveCfg = Release|Any CPU
		{9C2E4882-38ED-4070-8B03-E38B3EF90FB3}.Release|Any CPU.Build.0 = Release|Any CPU
	EndGlobalSection
EndGlobal
